{
  "name": "@fullcalendar/core",
  "version": "4.4.2",
  "lockfileVersion": 3,
  "requires": true,
  "packages": {
    "": {
      "name": "@fullcalendar/core",
      "version": "4.4.2",
      "license": "MIT",
      "dependencies": {
        "@fullcalendar/core": "file:"
      }
    },
    "node_modules/@fullcalendar/core": {
      "resolved": "",
      "link": true
    }
  }
}
